{
  "name": "electron-pw-gen",
  "lockfileVersion": 3,
  "requires": true,
  "packages": {
    "": {
      "dependencies": {
        "xel": "^0.20.7"
      }
    },
    "node_modules/xel": {
      "version": "0.20.7",
      "resolved": "https://registry.npmjs.org/xel/-/xel-0.20.7.tgz",
      "integrity": "sha512-yZQn1l/+39t3w5XFXmHWU9sta3wkh1Ud7UrZZo1txVriLRVe2chk88Tcbr/IYzHjK0eWFdrtJYk+5Vjo065Ezw=="
    }
  }
}
